
Microsoft Visual Studio Solution File, Format Version 12.00
# Visual Studio Version 16
VisualStudioVersion = 16.0.29424.173
MinimumVisualStudioVersion = 10.0.40219.1
Project("{FAE04EC0-301F-11D3-BF4B-00C04F79EFBC}") = "BridgeExamples", "BridgeExamples\BridgeExamples.csproj", "{AB907CF5-8217-4DEF-A4FD-45CD4E462110}"
EndProject
Global
	GlobalSection(SolutionConfigurationPlatforms) = preSolution
		Debug|Any CPU = Debug|Any CPU
		Release|Any CPU = Release|Any CPU
	EndGlobalSection
	GlobalSection(ProjectConfigurationPlatforms) = postSolution
		{AB907CF5-8217-4DEF-A4FD-45CD4E462110}.Debug|Any CPU.ActiveCfg = Debug|Any CPU
		{AB907CF5-8217-4DEF-A4FD-45CD4E462110}.Debug|Any CPU.Build.0 = Debug|Any CPU
		{AB907CF5-8217-4DEF-A4FD-45CD4E462110}.Release|Any CPU.ActiveCfg = Release|Any CPU
		{AB907CF5-8217-4DEF-A4FD-45CD4E462110}.Release|Any CPU.Build.0 = Release|Any CPU
	EndGlobalSection
	GlobalSection(SolutionProperties) = preSolution
		HideSolutionNode = FALSE
	EndGlobalSection
	GlobalSection(ExtensibilityGlobals) = postSolution
		SolutionGuid = {BB310CE7-3524-4B5B-B648-97A06C5FDCE3}
	EndGlobalSection
EndGlobal
