
Microsoft Visual Studio Solution File, Format Version 12.00
# Visual Studio Version 16
VisualStudioVersion = 16.0.29424.173
MinimumVisualStudioVersion = 10.0.40219.1
Project("{FAE04EC0-301F-11D3-BF4B-00C04F79EFBC}") = "StateExamples", "StateExamples\StateExamples.csproj", "{6E2454C8-91AA-4FF1-8BED-695573A94690}"
EndProject
Project("{FAE04EC0-301F-11D3-BF4B-00C04F79EFBC}") = "StatelessExample", "StatelessExample\StatelessExample.csproj", "{B9722212-B9A9-4071-B772-505DF7A8D762}"
EndProject
Global
	GlobalSection(SolutionConfigurationPlatforms) = preSolution
		Debug|Any CPU = Debug|Any CPU
		Release|Any CPU = Release|Any CPU
	EndGlobalSection
	GlobalSection(ProjectConfigurationPlatforms) = postSolution
		{6E2454C8-91AA-4FF1-8BED-695573A94690}.Debug|Any CPU.ActiveCfg = Debug|Any CPU
		{6E2454C8-91AA-4FF1-8BED-695573A94690}.Debug|Any CPU.Build.0 = Debug|Any CPU
		{6E2454C8-91AA-4FF1-8BED-695573A94690}.Release|Any CPU.ActiveCfg = Release|Any CPU
		{6E2454C8-91AA-4FF1-8BED-695573A94690}.Release|Any CPU.Build.0 = Release|Any CPU
		{B9722212-B9A9-4071-B772-505DF7A8D762}.Debug|Any CPU.ActiveCfg = Debug|Any CPU
		{B9722212-B9A9-4071-B772-505DF7A8D762}.Debug|Any CPU.Build.0 = Debug|Any CPU
		{B9722212-B9A9-4071-B772-505DF7A8D762}.Release|Any CPU.ActiveCfg = Release|Any CPU
		{B9722212-B9A9-4071-B772-505DF7A8D762}.Release|Any CPU.Build.0 = Release|Any CPU
	EndGlobalSection
	GlobalSection(SolutionProperties) = preSolution
		HideSolutionNode = FALSE
	EndGlobalSection
	GlobalSection(ExtensibilityGlobals) = postSolution
		SolutionGuid = {52547493-62C8-416A-AD31-680CD2402439}
	EndGlobalSection
EndGlobal
